<?xml version="1.0" encoding="utf-8"?>
<Project ToolsVersion="4.0" xmlns="http://schemas.microsoft.com/developer/msbuild/2003">
  <ItemGroup>
    <Filter Include="ZVector3">
      <UniqueIdentifier>{1418c528-34ef-4071-87d3-438ee60e5e7b}</UniqueIdentifier>
    </Filter>
    <Filter Include="ZMatrix">
      <UniqueIdentifier>{07c54f6a-ce18-459f-9c40-966225970c54}</UniqueIdentifier>
    </Filter>
    <Filter Include="main">
      <UniqueIdentifier>{ee3b73ca-21c0-4501-9961-ac1abfcfd64e}</UniqueIdentifier>
    </Filter>
    <Filter Include="GameState">
      <UniqueIdentifier>{b49751a5-60a2-4388-bebf-f072ff2055d5}</UniqueIdentifier>
    </Filter>
  </ItemGroup>
  <ItemGroup>
    <ClCompile Include="ZVector3.cpp">
      <Filter>ZVector3</Filter>
    </ClCompile>
    <ClCompile Include="ZMatrix.cpp">
      <Filter>ZMatrix</Filter>
    </ClCompile>
    <ClCompile Include="CPPGP2025.cpp">
      <Filter>main</Filter>
    </ClCompile>
    <ClCompile Include="TitleState.cpp" />
  </ItemGroup>
  <ItemGroup>
    <ClInclude Include="ZVector3.h">
      <Filter>ZVector3</Filter>
    </ClInclude>
    <ClInclude Include="ZMatrix.h">
      <Filter>ZMatrix</Filter>
    </ClInclude>
    <ClInclude Include="CPPGP2025.h">
      <Filter>main</Filter>
    </ClInclude>
    <ClInclude Include="GameState.h">
      <Filter>GameState</Filter>
    </ClInclude>
    <ClInclude Include="TitleState.h" />
  </ItemGroup>
</Project>